<Solution>
  <Project Path="MinhasFinancas.API/MinhasFinancas.API.csproj" />
  <Project Path="MinhasFinancas.Application/MinhasFinancas.Application.csproj" />
  <Project Path="MinhasFinancas.Domain/MinhasFinancas.Domain.csproj" />
  <Project Path="MinhasFinancas.Infrastructure/MinhasFinancas.Infrastructure.csproj" />
</Solution>
